// !$*UTF8*$!
{
	archiveVersion = 1;
	classes = {
	};
	objectVersion = 56;
	objects = {

/* Begin PBXBuildFile section */
		783C980F2AE06C53005A582E /* AppDelegate.swift in Sources */ = {isa = PBXBuildFile; fileRef = 783C980E2AE06C53005A582E /* AppDelegate.swift */; };
		783C98112AE06C53005A582E /* SceneDelegate.swift in Sources */ = {isa = PBXBuildFile; fileRef = 783C98102AE06C53005A582E /* SceneDelegate.swift */; };
		783C98132AE06C53005A582E /* ViewController.swift in Sources */ = {isa = PBXBuildFile; fileRef = 783C98122AE06C53005A582E /* ViewController.swift */; };
		783C98162AE06C53005A582E /* Main.storyboard in Resources */ = {isa = PBXBuildFile; fileRef = 783C98142AE06C53005A582E /* Main.storyboard */; };
		783C98182AE06C55005A582E /* Assets.xcassets in Resources */ = {isa = PBXBuildFile; fileRef = 783C98172AE06C55005A582E /* Assets.xcassets */; };
		783C981B2AE06C55005A582E /* LaunchScreen.storyboard in Resources */ = {isa = PBXBuildFile; fileRef = 783C98192AE06C55005A582E /* LaunchScreen.storyboard */; };
		783C98262AE06C55005A582E /* BigTestTests.swift in Sources */ = {isa = PBXBuildFile; fileRef = 783C98252AE06C55005A582E /* BigTestTests.swift */; };
		783C98302AE06C55005A582E /* BigTestUITests.swift in Sources */ = {isa = PBXBuildFile; fileRef = 783C982F2AE06C55005A582E /* BigTestUITests.swift */; };
		783C98322AE06C55005A582E /* BigTestUITestsLaunchTests.swift in Sources */ = {isa = PBXBuildFile; fileRef = 783C98312AE06C55005A582E /* BigTestUITestsLaunchTests.swift */; };
		784D2AEA2AE867CE00C5F399 /* TestPushViewController.swift in Sources */ = {isa = PBXBuildFile; fileRef = 784D2AE92AE867CE00C5F399 /* TestPushViewController.swift */; };
		78A25A5B2AE44FCD000D811A /* DisplayTextViewController.swift in Sources */ = {isa = PBXBuildFile; fileRef = 78A25A5A2AE44FCD000D811A /* DisplayTextViewController.swift */; };
/* End PBXBuildFile section */

/* Begin PBXContainerItemProxy section */
		783C98222AE06C55005A582E /* PBXContainerItemProxy */ = {
			isa = PBXContainerItemProxy;
			containerPortal = 783C98032AE06C53005A582E /* Project object */;
			proxyType = 1;
			remoteGlobalIDString = 783C980A2AE06C53005A582E;
			remoteInfo = BigTest;
		};
		783C982C2AE06C55005A582E /* PBXContainerItemProxy */ = {
			isa = PBXContainerItemProxy;
			containerPortal = 783C98032AE06C53005A582E /* Project object */;
			proxyType = 1;
			remoteGlobalIDString = 783C980A2AE06C53005A582E;
			remoteInfo = BigTest;
		};
/* End PBXContainerItemProxy section */

/* Begin PBXFileReference section */
		783C980B2AE06C53005A582E /* BigTest.app */ = {isa = PBXFileReference; explicitFileType = wrapper.application; includeInIndex = 0; path = BigTest.app; sourceTree = BUILT_PRODUCTS_DIR; };
		783C980E2AE06C53005A582E /* AppDelegate.swift */ = {isa = PBXFileReference; lastKnownFileType = sourcecode.swift; path = AppDelegate.swift; sourceTree = "<group>"; };
		783C98102AE06C53005A582E /* SceneDelegate.swift */ = {isa = PBXFileReference; lastKnownFileType = sourcecode.swift; path = SceneDelegate.swift; sourceTree = "<group>"; };
		783C98122AE06C53005A582E /* ViewController.swift */ = {isa = PBXFileReference; lastKnownFileType = sourcecode.swift; path = ViewController.swift; sourceTree = "<group>"; };
		783C98152AE06C53005A582E /* Base */ = {isa = PBXFileReference; lastKnownFileType = file.storyboard; name = Base; path = Base.lproj/Main.storyboard; sourceTree = "<group>"; };
		783C98172AE06C55005A582E /* Assets.xcassets */ = {isa = PBXFileReference; lastKnownFileType = folder.assetcatalog; path = Assets.xcassets; sourceTree = "<group>"; };
		783C981A2AE06C55005A582E /* Base */ = {isa = PBXFileReference; lastKnownFileType = file.storyboard; name = Base; path = Base.lproj/LaunchScreen.storyboard; sourceTree = "<group>"; };
		783C981C2AE06C55005A582E /* Info.plist */ = {isa = PBXFileReference; lastKnownFileType = text.plist.xml; path = Info.plist; sourceTree = "<group>"; };
		783C98212AE06C55005A582E /* BigTestTests.xctest */ = {isa = PBXFileReference; explicitFileType = wrapper.cfbundle; includeInIndex = 0; path = BigTestTests.xctest; sourceTree = BUILT_PRODUCTS_DIR; };
		783C98252AE06C55005A582E /* BigTestTests.swift */ = {isa = PBXFileReference; lastKnownFileType = sourcecode.swift; path = BigTestTests.swift; sourceTree = "<group>"; };
		783C982B2AE06C55005A582E /* BigTestUITests.xctest */ = {isa = PBXFileReference; explicitFileType = wrapper.cfbundle; includeInIndex = 0; path = BigTestUITests.xctest; sourceTree = BUILT_PRODUCTS_DIR; };
		783C982F2AE06C55005A582E /* BigTestUITests.swift */ = {isa = PBXFileReference; lastKnownFileType = sourcecode.swift; path = BigTestUITests.swift; sourceTree = "<group>"; };
		783C98312AE06C55005A582E /* BigTestUITestsLaunchTests.swift */ = {isa = PBXFileReference; lastKnownFileType = sourcecode.swift; path = BigTestUITestsLaunchTests.swift; sourceTree = "<group>"; };
		784D2AE92AE867CE00C5F399 /* TestPushViewController.swift */ = {isa = PBXFileReference; lastKnownFileType = sourcecode.swift; path = TestPushViewController.swift; sourceTree = "<group>"; };
		78A25A5A2AE44FCD000D811A /* DisplayTextViewController.swift */ = {isa = PBXFileReference; lastKnownFileType = sourcecode.swift; path = DisplayTextViewController.swift; sourceTree = "<group>"; };
/* End PBXFileReference section */

/* Begin PBXFrameworksBuildPhase section */
		783C98082AE06C53005A582E /* Frameworks */ = {
			isa = PBXFrameworksBuildPhase;
			buildActionMask = 2147483647;
			files = (
			);
			runOnlyForDeploymentPostprocessing = 0;
		};
		783C981E2AE06C55005A582E /* Frameworks */ = {
			isa = PBXFrameworksBuildPhase;
			buildActionMask = 2147483647;
			files = (
			);
			runOnlyForDeploymentPostprocessing = 0;
		};
		783C98282AE06C55005A582E /* Frameworks */ = {
			isa = PBXFrameworksBuildPhase;
			buildActionMask = 2147483647;
			files = (
			);
			runOnlyForDeploymentPostprocessing = 0;
		};
/* End PBXFrameworksBuildPhase section */

/* Begin PBXGroup section */
		783C98022AE06C53005A582E = {
			isa = PBXGroup;
			children = (
				783C980D2AE06C53005A582E /* BigTest */,
				783C98242AE06C55005A582E /* BigTestTests */,
				783C982E2AE06C55005A582E /* BigTestUITests */,
				783C980C2AE06C53005A582E /* Products */,
			);
			sourceTree = "<group>";
		};
		783C980C2AE06C53005A582E /* Products */ = {
			isa = PBXGroup;
			children = (
				783C980B2AE06C53005A582E /* BigTest.app */,
				783C98212AE06C55005A582E /* BigTestTests.xctest */,
				783C982B2AE06C55005A582E /* BigTestUITests.xctest */,
			);
			name = Products;
			sourceTree = "<group>";
		};
		783C980D2AE06C53005A582E /* BigTest */ = {
			isa = PBXGroup;
			children = (
				783C980E2AE06C53005A582E /* AppDelegate.swift */,
				783C98102AE06C53005A582E /* SceneDelegate.swift */,
				783C98122AE06C53005A582E /* ViewController.swift */,
				783C98142AE06C53005A582E /* Main.storyboard */,
				784D2AE92AE867CE00C5F399 /* TestPushViewController.swift */,
				78A25A5A2AE44FCD000D811A /* DisplayTextViewController.swift */,
				783C98172AE06C55005A582E /* Assets.xcassets */,
				783C98192AE06C55005A582E /* LaunchScreen.storyboard */,
				783C981C2AE06C55005A582E /* Info.plist */,
			);
			path = BigTest;
			sourceTree = "<group>";
		};
		783C98242AE06C55005A582E /* BigTestTests */ = {
			isa = PBXGroup;
			children = (
				783C98252AE06C55005A582E /* BigTestTests.swift */,
			);
			path = BigTestTests;
			sourceTree = "<group>";
		};
		783C982E2AE06C55005A582E /* BigTestUITests */ = {
			isa = PBXGroup;
			children = (
				783C982F2AE06C55005A582E /* BigTestUITests.swift */,
				783C98312AE06C55005A582E /* BigTestUITestsLaunchTests.swift */,
			);
			path = BigTestUITests;
			sourceTree = "<group>";
		};
/* End PBXGroup section */

/* Begin PBXNativeTarget section */
		783C980A2AE06C53005A582E /* BigTest */ = {
			isa = PBXNativeTarget;
			buildConfigurationList = 783C98352AE06C55005A582E /* Build configuration list for PBXNativeTarget "BigTest" */;
			buildPhases = (
				783C98072AE06C53005A582E /* Sources */,
				783C98082AE06C53005A582E /* Frameworks */,
				783C98092AE06C53005A582E /* Resources */,
			);
			buildRules = (
			);
			dependencies = (
			);
			name = BigTest;
			productName = BigTest;
			productReference = 783C980B2AE06C53005A582E /* BigTest.app */;
			productType = "com.apple.product-type.application";
		};
		783C98202AE06C55005A582E /* BigTestTests */ = {
			isa = PBXNativeTarget;
			buildConfigurationList = 783C98382AE06C55005A582E /* Build configuration list for PBXNativeTarget "BigTestTests" */;
			buildPhases = (
				783C981D2AE06C55005A582E /* Sources */,
				783C981E2AE06C55005A582E /* Frameworks */,
				783C981F2AE06C55005A582E /* Resources */,
			);
			buildRules = (
			);
			dependencies = (
				783C98232AE06C55005A582E /* PBXTargetDependency */,
			);
			name = BigTestTests;
			productName = BigTestTests;
			productReference = 783C98212AE06C55005A582E /* BigTestTests.xctest */;
			productType = "com.apple.product-type.bundle.unit-test";
		};
		783C982A2AE06C55005A582E /* BigTestUITests */ = {
			isa = PBXNativeTarget;
			buildConfigurationList = 783C983B2AE06C55005A582E /* Build configuration list for PBXNativeTarget "BigTestUITests" */;
			buildPhases = (
				783C98272AE06C55005A582E /* Sources */,
				783C98282AE06C55005A582E /* Frameworks */,
				783C98292AE06C55005A582E /* Resources */,
			);
			buildRules = (
			);
			dependencies = (
				783C982D2AE06C55005A582E /* PBXTargetDependency */,
			);
			name = BigTestUITests;
			productName = BigTestUITests;
			productReference = 783C982B2AE06C55005A582E /* BigTestUITests.xctest */;
			productType = "com.apple.product-type.bundle.ui-testing";
		};
/* End PBXNativeTarget section */

/* Begin PBXProject section */
		783C98032AE06C53005A582E /* Project object */ = {
			isa = PBXProject;
			attributes = {
				BuildIndependentTargetsInParallel = 1;
				LastSwiftUpdateCheck = 1410;
				LastUpgradeCheck = 1410;
				TargetAttributes = {
					783C980A2AE06C53005A582E = {
						CreatedOnToolsVersion = 14.1;
					};
					783C98202AE06C55005A582E = {
						CreatedOnToolsVersion = 14.1;
						TestTargetID = 783C980A2AE06C53005A582E;
					};
					783C982A2AE06C55005A582E = {
						CreatedOnToolsVersion = 14.1;
						TestTargetID = 783C980A2AE06C53005A582E;
					};
				};
			};
			buildConfigurationList = 783C98062AE06C53005A582E /* Build configuration list for PBXProject "BigTest" */;
			compatibilityVersion = "Xcode 14.0";
			developmentRegion = en;
			hasScannedForEncodings = 0;
			knownRegions = (
				en,
				Base,
			);
			mainGroup = 783C98022AE06C53005A582E;
			productRefGroup = 783C980C2AE06C53005A582E /* Products */;
			projectDirPath = "";
			projectRoot = "";
			targets = (
				783C980A2AE06C53005A582E /* BigTest */,
				783C98202AE06C55005A582E /* BigTestTests */,
				783C982A2AE06C55005A582E /* BigTestUITests */,
			);
		};
/* End PBXProject section */

/* Begin PBXResourcesBuildPhase section */
		783C98092AE06C53005A582E /* Resources */ = {
			isa = PBXResourcesBuildPhase;
			buildActionMask = 2147483647;
			files = (
				783C981B2AE06C55005A582E /* LaunchScreen.storyboard in Resources */,
				783C98182AE06C55005A582E /* Assets.xcassets in Resources */,
				783C98162AE06C53005A582E /* Main.storyboard in Resources */,
			);
			runOnlyForDeploymentPostprocessing = 0;
		};
		783C981F2AE06C55005A582E /* Resources */ = {
			isa = PBXResourcesBuildPhase;
			buildActionMask = 2147483647;
			files = (
			);
			runOnlyForDeploymentPostprocessing = 0;
		};
		783C98292AE06C55005A582E /* Resources */ = {
			isa = PBXResourcesBuildPhase;
			buildActionMask = 2147483647;
			files = (
			);
			runOnlyForDeploymentPostprocessing = 0;
		};
/* End PBXResourcesBuildPhase section */

/* Begin PBXSourcesBuildPhase section */
		783C98072AE06C53005A582E /* Sources */ = {
			isa = PBXSourcesBuildPhase;
			buildActionMask = 2147483647;
			files = (
				78A25A5B2AE44FCD000D811A /* DisplayTextViewController.swift in Sources */,
				783C98132AE06C53005A582E /* ViewController.swift in Sources */,
				784D2AEA2AE867CE00C5F399 /* TestPushViewController.swift in Sources */,
				783C980F2AE06C53005A582E /* AppDelegate.swift in Sources */,
				783C98112AE06C53005A582E /* SceneDelegate.swift in Sources */,
			);
			runOnlyForDeploymentPostprocessing = 0;
		};
		783C981D2AE06C55005A582E /* Sources */ = {
			isa = PBXSourcesBuildPhase;
			buildActionMask = 2147483647;
			files = (
				783C98262AE06C55005A582E /* BigTestTests.swift in Sources */,
			);
			runOnlyForDeploymentPostprocessing = 0;
		};
		783C98272AE06C55005A582E /* Sources */ = {
			isa = PBXSourcesBuildPhase;
			buildActionMask = 2147483647;
			files = (
				783C98302AE06C55005A582E /* BigTestUITests.swift in Sources */,
				783C98322AE06C55005A582E /* BigTestUITestsLaunchTests.swift in Sources */,
			);
			runOnlyForDeploymentPostprocessing = 0;
		};
/* End PBXSourcesBuildPhase section */

/* Begin PBXTargetDependency section */
		783C98232AE06C55005A582E /* PBXTargetDependency */ = {
			isa = PBXTargetDependency;
			target = 783C980A2AE06C53005A582E /* BigTest */;
			targetProxy = 783C98222AE06C55005A582E /* PBXContainerItemProxy */;
		};
		783C982D2AE06C55005A582E /* PBXTargetDependency */ = {
			isa = PBXTargetDependency;
			target = 783C980A2AE06C53005A582E /* BigTest */;
			targetProxy = 783C982C2AE06C55005A582E /* PBXContainerItemProxy */;
		};
/* End PBXTargetDependency section */

/* Begin PBXVariantGroup section */
		783C98142AE06C53005A582E /* Main.storyboard */ = {
			isa = PBXVariantGroup;
			children = (
				783C98152AE06C53005A582E /* Base */,
			);
			name = Main.storyboard;
			sourceTree = "<group>";
		};
		783C98192AE06C55005A582E /* LaunchScreen.storyboard */ = {
			isa = PBXVariantGroup;
			children = (
				783C981A2AE06C55005A582E /* Base */,
			);
			name = LaunchScreen.storyboard;
			sourceTree = "<group>";
		};
/* End PBXVariantGroup section */

/* Begin XCBuildConfiguration section */
		783C98332AE06C55005A582E /* Debug */ = {
			isa = XCBuildConfiguration;
			buildSettings = {
				ALWAYS_SEARCH_USER_PATHS = NO;
				CLANG_ANALYZER_NONNULL = YES;
				CLANG_ANALYZER_NUMBER_OBJECT_CONVERSION = YES_AGGRESSIVE;
				CLANG_CXX_LANGUAGE_STANDARD = "gnu++20";
				CLANG_ENABLE_MODULES = YES;
				CLANG_ENABLE_OBJC_ARC = YES;
				CLANG_ENABLE_OBJC_WEAK = YES;
				CLANG_WARN_BLOCK_CAPTURE_AUTORELEASING = YES;
				CLANG_WARN_BOOL_CONVERSION = YES;
				CLANG_WARN_COMMA = YES;
				CLANG_WARN_CONSTANT_CONVERSION = YES;
				CLANG_WARN_DEPRECATED_OBJC_IMPLEMENTATIONS = YES;
				CLANG_WARN_DIRECT_OBJC_ISA_USAGE = YES_ERROR;
				CLANG_WARN_DOCUMENTATION_COMMENTS = YES;
				CLANG_WARN_EMPTY_BODY = YES;
				CLANG_WARN_ENUM_CONVERSION = YES;
				CLANG_WARN_INFINITE_RECURSION = YES;
				CLANG_WARN_INT_CONVERSION = YES;
				CLANG_WARN_NON_LITERAL_NULL_CONVERSION = YES;
				CLANG_WARN_OBJC_IMPLICIT_RETAIN_SELF = YES;
				CLANG_WARN_OBJC_LITERAL_CONVERSION = YES;
				CLANG_WARN_OBJC_ROOT_CLASS = YES_ERROR;
				CLANG_WARN_QUOTED_INCLUDE_IN_FRAMEWORK_HEADER = YES;
				CLANG_WARN_RANGE_LOOP_ANALYSIS = YES;
				CLANG_WARN_STRICT_PROTOTYPES = YES;
				CLANG_WARN_SUSPICIOUS_MOVE = YES;
				CLANG_WARN_UNGUARDED_AVAILABILITY = YES_AGGRESSIVE;
				CLANG_WARN_UNREACHABLE_CODE = YES;
				CLANG_WARN__DUPLICATE_METHOD_MATCH = YES;
				COPY_PHASE_STRIP = NO;
				DEBUG_INFORMATION_FORMAT = dwarf;
				ENABLE_STRICT_OBJC_MSGSEND = YES;
				ENABLE_TESTABILITY = YES;
				GCC_C_LANGUAGE_STANDARD = gnu11;
				GCC_DYNAMIC_NO_PIC = NO;
				GCC_NO_COMMON_BLOCKS = YES;
				GCC_OPTIMIZATION_LEVEL = 0;
				GCC_PREPROCESSOR_DEFINITIONS = (
					"DEBUG=1",
					"$(inherited)",
				);
				GCC_WARN_64_TO_32_BIT_CONVERSION = YES;
				GCC_WARN_ABOUT_RETURN_TYPE = YES_ERROR;
				GCC_WARN_UNDECLARED_SELECTOR = YES;
				GCC_WARN_UNINITIALIZED_AUTOS = YES_AGGRESSIVE;
				GCC_WARN_UNUSED_FUNCTION = YES;
				GCC_WARN_UNUSED_VARIABLE = YES;
				IPHONEOS_DEPLOYMENT_TARGET = 16.1;
				MTL_ENABLE_DEBUG_INFO = INCLUDE_SOURCE;
				MTL_FAST_MATH = YES;
				ONLY_ACTIVE_ARCH = YES;
				SDKROOT = iphoneos;
				SWIFT_ACTIVE_COMPILATION_CONDITIONS = DEBUG;
				SWIFT_OPTIMIZATION_LEVEL = "-Onone";
			};
			name = Debug;
		};
		783C98342AE06C55005A582E /* Release */ = {
			isa = XCBuildConfiguration;
			buildSettings = {
				ALWAYS_SEARCH_USER_PATHS = NO;
				CLANG_ANALYZER_NONNULL = YES;
				CLANG_ANALYZER_NUMBER_OBJECT_CONVERSION = YES_AGGRESSIVE;
				CLANG_CXX_LANGUAGE_STANDARD = "gnu++20";
				CLANG_ENABLE_MODULES = YES;
				CLANG_ENABLE_OBJC_ARC = YES;
				CLANG_ENABLE_OBJC_WEAK = YES;
				CLANG_WARN_BLOCK_CAPTURE_AUTORELEASING = YES;
				CLANG_WARN_BOOL_CONVERSION = YES;
				CLANG_WARN_COMMA = YES;
				CLANG_WARN_CONSTANT_CONVERSION = YES;
				CLANG_WARN_DEPRECATED_OBJC_IMPLEMENTATIONS = YES;
				CLANG_WARN_DIRECT_OBJC_ISA_USAGE = YES_ERROR;
				CLANG_WARN_DOCUMENTATION_COMMENTS = YES;
				CLANG_WARN_EMPTY_BODY = YES;
				CLANG_WARN_ENUM_CONVERSION = YES;
				CLANG_WARN_INFINITE_RECURSION = YES;
				CLANG_WARN_INT_CONVERSION = YES;
				CLANG_WARN_NON_LITERAL_NULL_CONVERSION = YES;
				CLANG_WARN_OBJC_IMPLICIT_RETAIN_SELF = YES;
				CLANG_WARN_OBJC_LITERAL_CONVERSION = YES;
				CLANG_WARN_OBJC_ROOT_CLASS = YES_ERROR;
				CLANG_WARN_QUOTED_INCLUDE_IN_FRAMEWORK_HEADER = YES;
				CLANG_WARN_RANGE_LOOP_ANALYSIS = YES;
				CLANG_WARN_STRICT_PROTOTYPES = YES;
				CLANG_WARN_SUSPICIOUS_MOVE = YES;
				CLANG_WARN_UNGUARDED_AVAILABILITY = YES_AGGRESSIVE;
				CLANG_WARN_UNREACHABLE_CODE = YES;
				CLANG_WARN__DUPLICATE_METHOD_MATCH = YES;
				COPY_PHASE_STRIP = NO;
				DEBUG_INFORMATION_FORMAT = "dwarf-with-dsym";
				ENABLE_NS_ASSERTIONS = NO;
				ENABLE_STRICT_OBJC_MSGSEND = YES;
				GCC_C_LANGUAGE_STANDARD = gnu11;
				GCC_NO_COMMON_BLOCKS = YES;
				GCC_WARN_64_TO_32_BIT_CONVERSION = YES;
				GCC_WARN_ABOUT_RETURN_TYPE = YES_ERROR;
				GCC_WARN_UNDECLARED_SELECTOR = YES;
				GCC_WARN_UNINITIALIZED_AUTOS = YES_AGGRESSIVE;
				GCC_WARN_UNUSED_FUNCTION = YES;
				GCC_WARN_UNUSED_VARIABLE = YES;
				IPHONEOS_DEPLOYMENT_TARGET = 16.1;
				MTL_ENABLE_DEBUG_INFO = NO;
				MTL_FAST_MATH = YES;
				SDKROOT = iphoneos;
				SWIFT_COMPILATION_MODE = wholemodule;
				SWIFT_OPTIMIZATION_LEVEL = "-O";
				VALIDATE_PRODUCT = YES;
			};
			name = Release;
		};
		783C98362AE06C55005A582E /* Debug */ = {
			isa = XCBuildConfiguration;
			buildSettings = {
				ASSETCATALOG_COMPILER_APPICON_NAME = AppIcon;
				ASSETCATALOG_COMPILER_GLOBAL_ACCENT_COLOR_NAME = AccentColor;
				CODE_SIGN_STYLE = Automatic;
				CURRENT_PROJECT_VERSION = 1;
				GENERATE_INFOPLIST_FILE = YES;
				INFOPLIST_FILE = BigTest/Info.plist;
				INFOPLIST_KEY_UIApplicationSupportsIndirectInputEvents = YES;
				INFOPLIST_KEY_UILaunchStoryboardName = LaunchScreen;
				INFOPLIST_KEY_UIMainStoryboardFile = Main;
				INFOPLIST_KEY_UISupportedInterfaceOrientations_iPad = "UIInterfaceOrientationPortrait UIInterfaceOrientationPortraitUpsideDown UIInterfaceOrientationLandscapeLeft UIInterfaceOrientationLandscapeRight";
				INFOPLIST_KEY_UISupportedInterfaceOrientations_iPhone = "UIInterfaceOrientationPortrait UIInterfaceOrientationLandscapeLeft UIInterfaceOrientationLandscapeRight";
				LD_RUNPATH_SEARCH_PATHS = (
					"$(inherited)",
					"@executable_path/Frameworks",
				);
				MARKETING_VERSION = 1.0;
				PRODUCT_BUNDLE_IDENTIFIER = "sharell-codes.BigTest";
				PRODUCT_NAME = "$(TARGET_NAME)";
				SWIFT_EMIT_LOC_STRINGS = YES;
				SWIFT_VERSION = 5.0;
				TARGETED_DEVICE_FAMILY = "1,2";
			};
			name = Debug;
		};
		783C98372AE06C55005A582E /* Release */ = {
			isa = XCBuildConfiguration;
			buildSettings = {
				ASSETCATALOG_COMPILER_APPICON_NAME = AppIcon;
				ASSETCATALOG_COMPILER_GLOBAL_ACCENT_COLOR_NAME = AccentColor;
				CODE_SIGN_STYLE = Automatic;
				CURRENT_PROJECT_VERSION = 1;
				GENERATE_INFOPLIST_FILE = YES;
				INFOPLIST_FILE = BigTest/Info.plist;
				INFOPLIST_KEY_UIApplicationSupportsIndirectInputEvents = YES;
				INFOPLIST_KEY_UILaunchStoryboardName = LaunchScreen;
				INFOPLIST_KEY_UIMainStoryboardFile = Main;
				INFOPLIST_KEY_UISupportedInterfaceOrientations_iPad = "UIInterfaceOrientationPortrait UIInterfaceOrientationPortraitUpsideDown UIInterfaceOrientationLandscapeLeft UIInterfaceOrientationLandscapeRight";
				INFOPLIST_KEY_UISupportedInterfaceOrientations_iPhone = "UIInterfaceOrientationPortrait UIInterfaceOrientationLandscapeLeft UIInterfaceOrientationLandscapeRight";
				LD_RUNPATH_SEARCH_PATHS = (
					"$(inherited)",
					"@executable_path/Frameworks",
				);
				MARKETING_VERSION = 1.0;
				PRODUCT_BUNDLE_IDENTIFIER = "sharell-codes.BigTest";
				PRODUCT_NAME = "$(TARGET_NAME)";
				SWIFT_EMIT_LOC_STRINGS = YES;
				SWIFT_VERSION = 5.0;
				TARGETED_DEVICE_FAMILY = "1,2";
			};
			name = Release;
		};
		783C98392AE06C55005A582E /* Debug */ = {
			isa = XCBuildConfiguration;
			buildSettings = {
				ALWAYS_EMBED_SWIFT_STANDARD_LIBRARIES = YES;
				BUNDLE_LOADER = "$(TEST_HOST)";
				CODE_SIGN_STYLE = Automatic;
				CURRENT_PROJECT_VERSION = 1;
				GENERATE_INFOPLIST_FILE = YES;
				IPHONEOS_DEPLOYMENT_TARGET = 16.1;
				MARKETING_VERSION = 1.0;
				PRODUCT_BUNDLE_IDENTIFIER = "sharell-codes.BigTestTests";
				PRODUCT_NAME = "$(TARGET_NAME)";
				SWIFT_EMIT_LOC_STRINGS = NO;
				SWIFT_VERSION = 5.0;
				TARGETED_DEVICE_FAMILY = "1,2";
				TEST_HOST = "$(BUILT_PRODUCTS_DIR)/BigTest.app/$(BUNDLE_EXECUTABLE_FOLDER_PATH)/BigTest";
			};
			name = Debug;
		};
		783C983A2AE06C55005A582E /* Release */ = {
			isa = XCBuildConfiguration;
			buildSettings = {
				ALWAYS_EMBED_SWIFT_STANDARD_LIBRARIES = YES;
				BUNDLE_LOADER = "$(TEST_HOST)";
				CODE_SIGN_STYLE = Automatic;
				CURRENT_PROJECT_VERSION = 1;
				GENERATE_INFOPLIST_FILE = YES;
				IPHONEOS_DEPLOYMENT_TARGET = 16.1;
				MARKETING_VERSION = 1.0;
				PRODUCT_BUNDLE_IDENTIFIER = "sharell-codes.BigTestTests";
				PRODUCT_NAME = "$(TARGET_NAME)";
				SWIFT_EMIT_LOC_STRINGS = NO;
				SWIFT_VERSION = 5.0;
				TARGETED_DEVICE_FAMILY = "1,2";
				TEST_HOST = "$(BUILT_PRODUCTS_DIR)/BigTest.app/$(BUNDLE_EXECUTABLE_FOLDER_PATH)/BigTest";
			};
			name = Release;
		};
		783C983C2AE06C55005A582E /* Debug */ = {
			isa = XCBuildConfiguration;
			buildSettings = {
				ALWAYS_EMBED_SWIFT_STANDARD_LIBRARIES = YES;
				CODE_SIGN_STYLE = Automatic;
				CURRENT_PROJECT_VERSION = 1;
				GENERATE_INFOPLIST_FILE = YES;
				MARKETING_VERSION = 1.0;
				PRODUCT_BUNDLE_IDENTIFIER = "sharell-codes.BigTestUITests";
				PRODUCT_NAME = "$(TARGET_NAME)";
				SWIFT_EMIT_LOC_STRINGS = NO;
				SWIFT_VERSION = 5.0;
				TARGETED_DEVICE_FAMILY = "1,2";
				TEST_TARGET_NAME = BigTest;
			};
			name = Debug;
		};
		783C983D2AE06C55005A582E /* Release */ = {
			isa = XCBuildConfiguration;
			buildSettings = {
				ALWAYS_EMBED_SWIFT_STANDARD_LIBRARIES = YES;
				CODE_SIGN_STYLE = Automatic;
				CURRENT_PROJECT_VERSION = 1;
				GENERATE_INFOPLIST_FILE = YES;
				MARKETING_VERSION = 1.0;
				PRODUCT_BUNDLE_IDENTIFIER = "sharell-codes.BigTestUITests";
				PRODUCT_NAME = "$(TARGET_NAME)";
				SWIFT_EMIT_LOC_STRINGS = NO;
				SWIFT_VERSION = 5.0;
				TARGETED_DEVICE_FAMILY = "1,2";
				TEST_TARGET_NAME = BigTest;
			};
			name = Release;
		};
/* End XCBuildConfiguration section */

/* Begin XCConfigurationList section */
		783C98062AE06C53005A582E /* Build configuration list for PBXProject "BigTest" */ = {
			isa = XCConfigurationList;
			buildConfigurations = (
				783C98332AE06C55005A582E /* Debug */,
				783C98342AE06C55005A582E /* Release */,
			);
			defaultConfigurationIsVisible = 0;
			defaultConfigurationName = Release;
		};
		783C98352AE06C55005A582E /* Build configuration list for PBXNativeTarget "BigTest" */ = {
			isa = XCConfigurationList;
			buildConfigurations = (
				783C98362AE06C55005A582E /* Debug */,
				783C98372AE06C55005A582E /* Release */,
			);
			defaultConfigurationIsVisible = 0;
			defaultConfigurationName = Release;
		};
		783C98382AE06C55005A582E /* Build configuration list for PBXNativeTarget "BigTestTests" */ = {
			isa = XCConfigurationList;
			buildConfigurations = (
				783C98392AE06C55005A582E /* Debug */,
				783C983A2AE06C55005A582E /* Release */,
			);
			defaultConfigurationIsVisible = 0;
			defaultConfigurationName = Release;
		};
		783C983B2AE06C55005A582E /* Build configuration list for PBXNativeTarget "BigTestUITests" */ = {
			isa = XCConfigurationList;
			buildConfigurations = (
				783C983C2AE06C55005A582E /* Debug */,
				783C983D2AE06C55005A582E /* Release */,
			);
			defaultConfigurationIsVisible = 0;
			defaultConfigurationName = Release;
		};
/* End XCConfigurationList section */
	};
	rootObject = 783C98032AE06C53005A582E /* Project object */;
}
